Microsoft Visual Studio Solution File, Format Version 11.00
# Visual Studio 2008

Project("{46AAEA3E-F963-8215-E427-25787AE145A2}") = "demo_003", "Assembly-CSharp-firstpass-vs.csproj", "{F5D672B3-5AF5-DFB9-9C96-86C07033BE32}"
EndProject
Project("{46AAEA3E-F963-8215-E427-25787AE145A2}") = "demo_003", "Assembly-CSharp-vs.csproj", "{C1B4637D-9EE2-D623-F01D-F466BD275FFE}"
EndProject
Project("{46AAEA3E-F963-8215-E427-25787AE145A2}") = "demo_003", "Assembly-CSharp-Editor-firstpass-vs.csproj", "{22AAB9AC-7F73-C32B-EAB3-083F6CCE7101}"
EndProject
Project("{46AAEA3E-F963-8215-E427-25787AE145A2}") = "demo_003", "Assembly-CSharp-Editor-vs.csproj", "{DAC03117-76FC-52F6-2FBE-B4A835A08185}"
EndProject
Global
	GlobalSection(SolutionConfigurationPlatforms) = preSolution
		Debug|Any CPU = Debug|Any CPU
		Release|Any CPU = Release|Any CPU
	EndGlobalSection
	GlobalSection(ProjectConfigurationPlatforms) = postSolution
		{F5D672B3-5AF5-DFB9-9C96-86C07033BE32}.Debug|Any CPU.ActiveCfg = Debug|Any CPU
		{F5D672B3-5AF5-DFB9-9C96-86C07033BE32}.Debug|Any CPU.Build.0 = Debug|Any CPU
		{F5D672B3-5AF5-DFB9-9C96-86C07033BE32}.Release|Any CPU.ActiveCfg = Release|Any CPU
		{F5D672B3-5AF5-DFB9-9C96-86C07033BE32}.Release|Any CPU.Build.0 = Release|Any CPU
		{C1B4637D-9EE2-D623-F01D-F466BD275FFE}.Debug|Any CPU.ActiveCfg = Debug|Any CPU
		{C1B4637D-9EE2-D623-F01D-F466BD275FFE}.Debug|Any CPU.Build.0 = Debug|Any CPU
		{C1B4637D-9EE2-D623-F01D-F466BD275FFE}.Release|Any CPU.ActiveCfg = Release|Any CPU
		{C1B4637D-9EE2-D623-F01D-F466BD275FFE}.Release|Any CPU.Build.0 = Release|Any CPU
		{22AAB9AC-7F73-C32B-EAB3-083F6CCE7101}.Debug|Any CPU.ActiveCfg = Debug|Any CPU
		{22AAB9AC-7F73-C32B-EAB3-083F6CCE7101}.Debug|Any CPU.Build.0 = Debug|Any CPU
		{22AAB9AC-7F73-C32B-EAB3-083F6CCE7101}.Release|Any CPU.ActiveCfg = Release|Any CPU
		{22AAB9AC-7F73-C32B-EAB3-083F6CCE7101}.Release|Any CPU.Build.0 = Release|Any CPU
		{DAC03117-76FC-52F6-2FBE-B4A835A08185}.Debug|Any CPU.ActiveCfg = Debug|Any CPU
		{DAC03117-76FC-52F6-2FBE-B4A835A08185}.Debug|Any CPU.Build.0 = Debug|Any CPU
		{DAC03117-76FC-52F6-2FBE-B4A835A08185}.Release|Any CPU.ActiveCfg = Release|Any CPU
		{DAC03117-76FC-52F6-2FBE-B4A835A08185}.Release|Any CPU.Build.0 = Release|Any CPU
	EndGlobalSection
	GlobalSection(SolutionProperties) = preSolution
		HideSolutionNode = FALSE
	EndGlobalSection
											GlobalSection(MonoDevelopProperties) = preSolution
		StartupItem = Assembly-CSharp.csproj
		Policies = $0
		$0.TextStylePolicy = $1
		$1.inheritsSet = null
		$1.scope = text/x-csharp
		$0.CSharpFormattingPolicy = $2
		$2.inheritsSet = Mono
		$2.inheritsScope = text/x-csharp
		$2.scope = text/x-csharp
		$0.TextStylePolicy = $3
		$3.FileWidth = 120
		$3.TabWidth = 4
		$3.EolMarker = Unix
		$3.inheritsSet = Mono
		$3.inheritsScope = text/plain
		$3.scope = text/plain
	EndGlobalSection

EndGlobal
